
Microsoft Visual Studio Solution File, Format Version 12.00
# Visual Studio Version 17
VisualStudioVersion = 17.0.31903.59
MinimumVisualStudioVersion = 10.0.40219.1
Project("{2150E333-8FDC-42A3-9474-1A3956D46DE8}") = "src", "src", "{827E0CD3-B72D-47B6-A68D-7590B98EB39B}"
EndProject
Project("{FAE04EC0-301F-11D3-BF4B-00C04F79EFBC}") = "RpgBuilder", "src\RpgBuilder\RpgBuilder.csproj", "{B455682E-7C87-4EFE-8E89-C1C55826D5FD}"
EndProject
Project("{2150E333-8FDC-42A3-9474-1A3956D46DE8}") = "tests", "tests", "{0AB3BF05-4346-4AA6-1389-037BE0695223}"
EndProject
Project("{FAE04EC0-301F-11D3-BF4B-00C04F79EFBC}") = "RpgBuilder.Tests", "tests\RpgBuilder.Tests\RpgBuilder.Tests.csproj", "{04E2DBC1-D2D1-4261-B85D-5B849AF22FD0}"
EndProject
Global
	GlobalSection(SolutionConfigurationPlatforms) = preSolution
		Debug|Any CPU = Debug|Any CPU
		Debug|x64 = Debug|x64
		Debug|x86 = Debug|x86
		Release|Any CPU = Release|Any CPU
		Release|x64 = Release|x64
		Release|x86 = Release|x86
	EndGlobalSection
	GlobalSection(ProjectConfigurationPlatforms) = postSolution
		{B455682E-7C87-4EFE-8E89-C1C55826D5FD}.Debug|Any CPU.ActiveCfg = Debug|Any CPU
		{B455682E-7C87-4EFE-8E89-C1C55826D5FD}.Debug|Any CPU.Build.0 = Debug|Any CPU
		{B455682E-7C87-4EFE-8E89-C1C55826D5FD}.Debug|x64.ActiveCfg = Debug|Any CPU
		{B455682E-7C87-4EFE-8E89-C1C55826D5FD}.Debug|x64.Build.0 = Debug|Any CPU
		{B455682E-7C87-4EFE-8E89-C1C55826D5FD}.Debug|x86.ActiveCfg = Debug|Any CPU
		{B455682E-7C87-4EFE-8E89-C1C55826D5FD}.Debug|x86.Build.0 = Debug|Any CPU
		{B455682E-7C87-4EFE-8E89-C1C55826D5FD}.Release|Any CPU.ActiveCfg = Release|Any CPU
		{B455682E-7C87-4EFE-8E89-C1C55826D5FD}.Release|Any CPU.Build.0 = Release|Any CPU
		{B455682E-7C87-4EFE-8E89-C1C55826D5FD}.Release|x64.ActiveCfg = Release|Any CPU
		{B455682E-7C87-4EFE-8E89-C1C55826D5FD}.Release|x64.Build.0 = Release|Any CPU
		{B455682E-7C87-4EFE-8E89-C1C55826D5FD}.Release|x86.ActiveCfg = Release|Any CPU
		{B455682E-7C87-4EFE-8E89-C1C55826D5FD}.Release|x86.Build.0 = Release|Any CPU
		{04E2DBC1-D2D1-4261-B85D-5B849AF22FD0}.Debug|Any CPU.ActiveCfg = Debug|Any CPU
		{04E2DBC1-D2D1-4261-B85D-5B849AF22FD0}.Debug|Any CPU.Build.0 = Debug|Any CPU
		{04E2DBC1-D2D1-4261-B85D-5B849AF22FD0}.Debug|x64.ActiveCfg = Debug|Any CPU
		{04E2DBC1-D2D1-4261-B85D-5B849AF22FD0}.Debug|x64.Build.0 = Debug|Any CPU
		{04E2DBC1-D2D1-4261-B85D-5B849AF22FD0}.Debug|x86.ActiveCfg = Debug|Any CPU
		{04E2DBC1-D2D1-4261-B85D-5B849AF22FD0}.Debug|x86.Build.0 = Debug|Any CPU
		{04E2DBC1-D2D1-4261-B85D-5B849AF22FD0}.Release|Any CPU.ActiveCfg = Release|Any CPU
		{04E2DBC1-D2D1-4261-B85D-5B849AF22FD0}.Release|Any CPU.Build.0 = Release|Any CPU
		{04E2DBC1-D2D1-4261-B85D-5B849AF22FD0}.Release|x64.ActiveCfg = Release|Any CPU
		{04E2DBC1-D2D1-4261-B85D-5B849AF22FD0}.Release|x64.Build.0 = Release|Any CPU
		{04E2DBC1-D2D1-4261-B85D-5B849AF22FD0}.Release|x86.ActiveCfg = Release|Any CPU
		{04E2DBC1-D2D1-4261-B85D-5B849AF22FD0}.Release|x86.Build.0 = Release|Any CPU
	EndGlobalSection
	GlobalSection(SolutionProperties) = preSolution
		HideSolutionNode = FALSE
	EndGlobalSection
	GlobalSection(NestedProjects) = preSolution
		{B455682E-7C87-4EFE-8E89-C1C55826D5FD} = {827E0CD3-B72D-47B6-A68D-7590B98EB39B}
		{04E2DBC1-D2D1-4261-B85D-5B849AF22FD0} = {0AB3BF05-4346-4AA6-1389-037BE0695223}
	EndGlobalSection
EndGlobal
